
Microsoft Visual Studio Solution File, Format Version 12.00
# Visual Studio Version 16
VisualStudioVersion = 16.0.29025.244
MinimumVisualStudioVersion = 10.0.40219.1
Project("{FAE04EC0-301F-11D3-BF4B-00C04F79EFBC}") = "AdvancedLauncher", "streamdeck-advancedlauncher\AdvancedLauncher.csproj", "{4635D874-69C0-4010-BE46-77EF92EB1553}"
EndProject
Global
	GlobalSection(SolutionConfigurationPlatforms) = preSolution
		Debug|Any CPU = Debug|Any CPU
		Release|Any CPU = Release|Any CPU
	EndGlobalSection
	GlobalSection(ProjectConfigurationPlatforms) = postSolution
		{4635D874-69C0-4010-BE46-77EF92EB1553}.Debug|Any CPU.ActiveCfg = Debug|Any CPU
		{4635D874-69C0-4010-BE46-77EF92EB1553}.Debug|Any CPU.Build.0 = Debug|Any CPU
		{4635D874-69C0-4010-BE46-77EF92EB1553}.Release|Any CPU.ActiveCfg = Release|Any CPU
		{4635D874-69C0-4010-BE46-77EF92EB1553}.Release|Any CPU.Build.0 = Release|Any CPU
	EndGlobalSection
	GlobalSection(SolutionProperties) = preSolution
		HideSolutionNode = FALSE
	EndGlobalSection
	GlobalSection(ExtensibilityGlobals) = postSolution
		SolutionGuid = {1F020F1B-CC29-4EA4-8E12-46B7B2DE9A3B}
	EndGlobalSection
EndGlobal
